
Microsoft Visual Studio Solution File, Format Version 12.00
# Visual Studio Version 17
VisualStudioVersion = 17.8.34330.188
MinimumVisualStudioVersion = 10.0.40219.1
Project("{9A19103F-16F7-4668-BE54-9A1E7A4F7556}") = "Webapidotnet", "WebApi\Webapidotnet.csproj", "{CF2B3303-DF58-42C9-8C26-BA770A20528D}"
EndProject
Global
	GlobalSection(SolutionConfigurationPlatforms) = preSolution
		Debug|Any CPU = Debug|Any CPU
		Release|Any CPU = Release|Any CPU
	EndGlobalSection
	GlobalSection(ProjectConfigurationPlatforms) = postSolution
		{CF2B3303-DF58-42C9-8C26-BA770A20528D}.Debug|Any CPU.ActiveCfg = Debug|Any CPU
		{CF2B3303-DF58-42C9-8C26-BA770A20528D}.Debug|Any CPU.Build.0 = Debug|Any CPU
		{CF2B3303-DF58-42C9-8C26-BA770A20528D}.Release|Any CPU.ActiveCfg = Release|Any CPU
		{CF2B3303-DF58-42C9-8C26-BA770A20528D}.Release|Any CPU.Build.0 = Release|Any CPU
	EndGlobalSection
	GlobalSection(SolutionProperties) = preSolution
		HideSolutionNode = FALSE
	EndGlobalSection
	GlobalSection(ExtensibilityGlobals) = postSolution
		SolutionGuid = {94AA9068-E25A-409E-A9B7-73B800B2BA0F}
	EndGlobalSection
EndGlobal
